
Microsoft Visual Studio Solution File, Format Version 12.00
# Visual Studio Version 17
VisualStudioVersion = 17.8.34408.163
MinimumVisualStudioVersion = 10.0.40219.1
Project("{2150E333-8FDC-42A3-9474-1A3956D46DE8}") = "PlantCatalog", "PlantCatalog", "{7A10080D-0DE5-45C0-9611-26A62780E084}"
EndProject
Project("{9A19103F-16F7-4668-BE54-9A1E7A4F7556}") = "PlantCatalog.Infrustructure", "src\PlantCatalog\PlantCatalog.Infrustructure\PlantCatalog.Infrustructure.csproj", "{4E22BE98-99BA-4DE3-A979-6ECB6B3304F1}"
EndProject
Project("{9A19103F-16F7-4668-BE54-9A1E7A4F7556}") = "PlantCatalog.Domain", "src\PlantCatalog\PlantCatalog.Domain\PlantCatalog.Domain.csproj", "{5E48BE18-4078-4683-83E5-3C2388BE5EBE}"
EndProject
Project("{9A19103F-16F7-4668-BE54-9A1E7A4F7556}") = "GardenLog.SharedKernel", "src\GardenLog.SharedKernel\GardenLog.SharedKernel.csproj", "{A5A76BA8-E8D1-490E-B759-C01609090893}"
EndProject
Project("{9A19103F-16F7-4668-BE54-9A1E7A4F7556}") = "PlantCatalog.Contract", "src\PlantCatalog\PlantCatalog.Contract\PlantCatalog.Contract.csproj", "{4FB03AA5-CA61-4FBA-A377-75F92DDEC672}"
EndProject
Project("{9A19103F-16F7-4668-BE54-9A1E7A4F7556}") = "GardenLog.SharedInfrastructure", "src\GardenLog.SharedInfrastructure\GardenLog.SharedInfrastructure.csproj", "{AC586549-E477-4DBA-9320-0F65D97D3E0C}"
EndProject
Project("{9A19103F-16F7-4668-BE54-9A1E7A4F7556}") = "PlantCatalog.Api", "src\PlantCatalog\PlantCatalog.Api\PlantCatalog.Api.csproj", "{E9F6E293-8BD4-457C-848C-25E6E64CBF75}"
EndProject
Project("{2150E333-8FDC-42A3-9474-1A3956D46DE8}") = "src", "src", "{51492653-FE5B-4D98-80F1-671FBC3E6344}"
EndProject
Project("{2150E333-8FDC-42A3-9474-1A3956D46DE8}") = "tests", "tests", "{A04093F1-AB9F-4FFB-B028-756762F47DBC}"
EndProject
Project("{9A19103F-16F7-4668-BE54-9A1E7A4F7556}") = "PlantCatalog.IntegrationTest", "tests\PlantCatalog.IntegrationTest\PlantCatalog.IntegrationTest.csproj", "{0FEC655C-E786-4928-94FE-33124CF5F588}"
EndProject
Project("{2150E333-8FDC-42A3-9474-1A3956D46DE8}") = "UserManagement", "UserManagement", "{91A248E7-24F2-4216-AF7B-30D393FC2D1A}"
EndProject
Project("{9A19103F-16F7-4668-BE54-9A1E7A4F7556}") = "UserManagement.Api", "src\UserManagement\UserManagement.Api\UserManagement.Api.csproj", "{15202EC2-B29E-43AF-8580-9F687859D5AA}"
EndProject
Project("{9A19103F-16F7-4668-BE54-9A1E7A4F7556}") = "UserManagement.Contract", "src\UserManagement\UserManagement.Contract\UserManagement.Contract.csproj", "{18B3F8D0-109A-4486-9002-0D365FF40737}"
EndProject
Project("{2150E333-8FDC-42A3-9474-1A3956D46DE8}") = "PlantHarvest", "PlantHarvest", "{9F517372-9904-4D6F-B3D6-4F61CD636590}"
EndProject
Project("{9A19103F-16F7-4668-BE54-9A1E7A4F7556}") = "PlantHarvest.Contract", "src\PlantHarvest\PlantHarvest.Contract\PlantHarvest.Contract.csproj", "{E8CD2392-E870-43AA-99A0-A6F862CAECBC}"
EndProject
Project("{9A19103F-16F7-4668-BE54-9A1E7A4F7556}") = "UserManagement.IntegrationTest", "tests\UserManagement.IntegrationTest\UserManagement.IntegrationTest.csproj", "{F2B387E1-A350-4DED-A91D-10DCEA0E47A6}"
EndProject
Project("{2150E333-8FDC-42A3-9474-1A3956D46DE8}") = "ImageCatalog", "ImageCatalog", "{98316FB1-F093-42FC-B3E3-174E410C9F78}"
EndProject
Project("{9A19103F-16F7-4668-BE54-9A1E7A4F7556}") = "ImageCatalog.Api", "src\ImageCatalog\ImageCatalog.Api\ImageCatalog.Api.csproj", "{CCC4BFAB-6524-4788-8554-36846FF6AEE9}"
EndProject
Project("{9A19103F-16F7-4668-BE54-9A1E7A4F7556}") = "ImageCatalog.Contract", "src\ImageCatalog\ImageCatalog.Contract\ImageCatalog.Contract.csproj", "{E2976B58-207A-4EEE-8013-D5F83C511B6B}"
EndProject
Project("{9A19103F-16F7-4668-BE54-9A1E7A4F7556}") = "ImageCatalog.IntegrationTest", "tests\ImageCatalog.IntegrationTest\ImageCatalog.IntegrationTest.csproj", "{F9CDE066-BE70-4B92-923E-059713D7D6D0}"
EndProject
Project("{2150E333-8FDC-42A3-9474-1A3956D46DE8}") = "GrowConditions", "GrowConditions", "{38DCC346-33D2-4AF3-B17B-E3AB31F0E30F}"
EndProject
Project("{9A19103F-16F7-4668-BE54-9A1E7A4F7556}") = "GrowConditions.Contract", "src\GrowConditions\GrowConditions.Contract\GrowConditions.Contract.csproj", "{7CC08F5C-2025-4888-9331-0C0450AA182D}"
EndProject
Project("{9A19103F-16F7-4668-BE54-9A1E7A4F7556}") = "GrowConditions.Api", "src\GrowConditions\GrowConditions.Api\GrowConditions.Api.csproj", "{6A95FB24-4AF4-49F9-9EF7-285C2487A672}"
EndProject
Project("{9A19103F-16F7-4668-BE54-9A1E7A4F7556}") = "PlantHarvest.Domain", "src\PlantHarvest\PlantHarvest.Domain\PlantHarvest.Domain.csproj", "{5E382779-3AC7-4F6B-B77F-380D8C32E2FF}"
EndProject
Project("{9A19103F-16F7-4668-BE54-9A1E7A4F7556}") = "PlantHarvest.Infrastructure", "src\PlantHarvest\PlantHarvest.Infrastructure\PlantHarvest.Infrastructure.csproj", "{7DDE29B0-FFC4-4249-A163-1675C08E1771}"
EndProject
Project("{9A19103F-16F7-4668-BE54-9A1E7A4F7556}") = "PlantHarvest.Api", "src\PlantHarvest\PlantHarvest.Api\PlantHarvest.Api.csproj", "{3B940921-68BC-4E00-9D05-2C804081238D}"
EndProject
Project("{9A19103F-16F7-4668-BE54-9A1E7A4F7556}") = "PlantHarvest.IntegrationTest", "tests\PlantHarvest.IntegrationTest\PlantHarvest.IntegrationTest.csproj", "{51E981AB-492E-4907-AB63-2A8A0C270F9F}"
EndProject
Project("{9A19103F-16F7-4668-BE54-9A1E7A4F7556}") = "PlantHarvest.UnitTest", "tests\PlantHarvest.UnitTest\PlantHarvest.UnitTest.csproj", "{ACDDEA33-61A1-462D-9968-68232CBA2C9C}"
EndProject
Project("{9A19103F-16F7-4668-BE54-9A1E7A4F7556}") = "GardenLogWeb", "src\GardenLogWeb\GardenLogWeb.csproj", "{4407AAAA-1041-43E0-86BD-9D3FB3BD9567}"
EndProject
Project("{FAE04EC0-301F-11D3-BF4B-00C04F79EFBC}") = "GrowConditions.IntegrationTest", "tests\GrowConditions.IntegrationTest\GrowConditions.IntegrationTest.csproj", "{0D9AA9AD-4A09-4058-8D22-26399A9F09C1}"
EndProject
Global
	GlobalSection(SolutionConfigurationPlatforms) = preSolution
		Debug|Any CPU = Debug|Any CPU
		Release|Any CPU = Release|Any CPU
	EndGlobalSection
	GlobalSection(ProjectConfigurationPlatforms) = postSolution
		{4E22BE98-99BA-4DE3-A979-6ECB6B3304F1}.Debug|Any CPU.ActiveCfg = Debug|Any CPU
		{4E22BE98-99BA-4DE3-A979-6ECB6B3304F1}.Debug|Any CPU.Build.0 = Debug|Any CPU
		{4E22BE98-99BA-4DE3-A979-6ECB6B3304F1}.Release|Any CPU.ActiveCfg = Release|Any CPU
		{4E22BE98-99BA-4DE3-A979-6ECB6B3304F1}.Release|Any CPU.Build.0 = Release|Any CPU
		{5E48BE18-4078-4683-83E5-3C2388BE5EBE}.Debug|Any CPU.ActiveCfg = Debug|Any CPU
		{5E48BE18-4078-4683-83E5-3C2388BE5EBE}.Debug|Any CPU.Build.0 = Debug|Any CPU
		{5E48BE18-4078-4683-83E5-3C2388BE5EBE}.Release|Any CPU.ActiveCfg = Release|Any CPU
		{5E48BE18-4078-4683-83E5-3C2388BE5EBE}.Release|Any CPU.Build.0 = Release|Any CPU
		{A5A76BA8-E8D1-490E-B759-C01609090893}.Debug|Any CPU.ActiveCfg = Debug|Any CPU
		{A5A76BA8-E8D1-490E-B759-C01609090893}.Debug|Any CPU.Build.0 = Debug|Any CPU
		{A5A76BA8-E8D1-490E-B759-C01609090893}.Release|Any CPU.ActiveCfg = Release|Any CPU
		{A5A76BA8-E8D1-490E-B759-C01609090893}.Release|Any CPU.Build.0 = Release|Any CPU
		{4FB03AA5-CA61-4FBA-A377-75F92DDEC672}.Debug|Any CPU.ActiveCfg = Debug|Any CPU
		{4FB03AA5-CA61-4FBA-A377-75F92DDEC672}.Debug|Any CPU.Build.0 = Debug|Any CPU
		{4FB03AA5-CA61-4FBA-A377-75F92DDEC672}.Release|Any CPU.ActiveCfg = Release|Any CPU
		{4FB03AA5-CA61-4FBA-A377-75F92DDEC672}.Release|Any CPU.Build.0 = Release|Any CPU
		{AC586549-E477-4DBA-9320-0F65D97D3E0C}.Debug|Any CPU.ActiveCfg = Debug|Any CPU
		{AC586549-E477-4DBA-9320-0F65D97D3E0C}.Debug|Any CPU.Build.0 = Debug|Any CPU
		{AC586549-E477-4DBA-9320-0F65D97D3E0C}.Release|Any CPU.ActiveCfg = Release|Any CPU
		{AC586549-E477-4DBA-9320-0F65D97D3E0C}.Release|Any CPU.Build.0 = Release|Any CPU
		{E9F6E293-8BD4-457C-848C-25E6E64CBF75}.Debug|Any CPU.ActiveCfg = Debug|Any CPU
		{E9F6E293-8BD4-457C-848C-25E6E64CBF75}.Debug|Any CPU.Build.0 = Debug|Any CPU
		{E9F6E293-8BD4-457C-848C-25E6E64CBF75}.Release|Any CPU.ActiveCfg = Release|Any CPU
		{E9F6E293-8BD4-457C-848C-25E6E64CBF75}.Release|Any CPU.Build.0 = Release|Any CPU
		{0FEC655C-E786-4928-94FE-33124CF5F588}.Debug|Any CPU.ActiveCfg = Debug|Any CPU
		{0FEC655C-E786-4928-94FE-33124CF5F588}.Debug|Any CPU.Build.0 = Debug|Any CPU
		{0FEC655C-E786-4928-94FE-33124CF5F588}.Release|Any CPU.ActiveCfg = Release|Any CPU
		{0FEC655C-E786-4928-94FE-33124CF5F588}.Release|Any CPU.Build.0 = Release|Any CPU
		{15202EC2-B29E-43AF-8580-9F687859D5AA}.Debug|Any CPU.ActiveCfg = Debug|Any CPU
		{15202EC2-B29E-43AF-8580-9F687859D5AA}.Debug|Any CPU.Build.0 = Debug|Any CPU
		{15202EC2-B29E-43AF-8580-9F687859D5AA}.Release|Any CPU.ActiveCfg = Release|Any CPU
		{15202EC2-B29E-43AF-8580-9F687859D5AA}.Release|Any CPU.Build.0 = Release|Any CPU
		{18B3F8D0-109A-4486-9002-0D365FF40737}.Debug|Any CPU.ActiveCfg = Debug|Any CPU
		{18B3F8D0-109A-4486-9002-0D365FF40737}.Debug|Any CPU.Build.0 = Debug|Any CPU
		{18B3F8D0-109A-4486-9002-0D365FF40737}.Release|Any CPU.ActiveCfg = Release|Any CPU
		{18B3F8D0-109A-4486-9002-0D365FF40737}.Release|Any CPU.Build.0 = Release|Any CPU
		{E8CD2392-E870-43AA-99A0-A6F862CAECBC}.Debug|Any CPU.ActiveCfg = Debug|Any CPU
		{E8CD2392-E870-43AA-99A0-A6F862CAECBC}.Debug|Any CPU.Build.0 = Debug|Any CPU
		{E8CD2392-E870-43AA-99A0-A6F862CAECBC}.Release|Any CPU.ActiveCfg = Release|Any CPU
		{E8CD2392-E870-43AA-99A0-A6F862CAECBC}.Release|Any CPU.Build.0 = Release|Any CPU
		{F2B387E1-A350-4DED-A91D-10DCEA0E47A6}.Debug|Any CPU.ActiveCfg = Debug|Any CPU
		{F2B387E1-A350-4DED-A91D-10DCEA0E47A6}.Debug|Any CPU.Build.0 = Debug|Any CPU
		{F2B387E1-A350-4DED-A91D-10DCEA0E47A6}.Release|Any CPU.ActiveCfg = Release|Any CPU
		{F2B387E1-A350-4DED-A91D-10DCEA0E47A6}.Release|Any CPU.Build.0 = Release|Any CPU
		{CCC4BFAB-6524-4788-8554-36846FF6AEE9}.Debug|Any CPU.ActiveCfg = Debug|Any CPU
		{CCC4BFAB-6524-4788-8554-36846FF6AEE9}.Debug|Any CPU.Build.0 = Debug|Any CPU
		{CCC4BFAB-6524-4788-8554-36846FF6AEE9}.Release|Any CPU.ActiveCfg = Release|Any CPU
		{CCC4BFAB-6524-4788-8554-36846FF6AEE9}.Release|Any CPU.Build.0 = Release|Any CPU
		{E2976B58-207A-4EEE-8013-D5F83C511B6B}.Debug|Any CPU.ActiveCfg = Debug|Any CPU
		{E2976B58-207A-4EEE-8013-D5F83C511B6B}.Debug|Any CPU.Build.0 = Debug|Any CPU
		{E2976B58-207A-4EEE-8013-D5F83C511B6B}.Release|Any CPU.ActiveCfg = Release|Any CPU
		{E2976B58-207A-4EEE-8013-D5F83C511B6B}.Release|Any CPU.Build.0 = Release|Any CPU
		{F9CDE066-BE70-4B92-923E-059713D7D6D0}.Debug|Any CPU.ActiveCfg = Debug|Any CPU
		{F9CDE066-BE70-4B92-923E-059713D7D6D0}.Debug|Any CPU.Build.0 = Debug|Any CPU
		{F9CDE066-BE70-4B92-923E-059713D7D6D0}.Release|Any CPU.ActiveCfg = Release|Any CPU
		{F9CDE066-BE70-4B92-923E-059713D7D6D0}.Release|Any CPU.Build.0 = Release|Any CPU
		{7CC08F5C-2025-4888-9331-0C0450AA182D}.Debug|Any CPU.ActiveCfg = Debug|Any CPU
		{7CC08F5C-2025-4888-9331-0C0450AA182D}.Debug|Any CPU.Build.0 = Debug|Any CPU
		{7CC08F5C-2025-4888-9331-0C0450AA182D}.Release|Any CPU.ActiveCfg = Release|Any CPU
		{7CC08F5C-2025-4888-9331-0C0450AA182D}.Release|Any CPU.Build.0 = Release|Any CPU
		{6A95FB24-4AF4-49F9-9EF7-285C2487A672}.Debug|Any CPU.ActiveCfg = Debug|Any CPU
		{6A95FB24-4AF4-49F9-9EF7-285C2487A672}.Debug|Any CPU.Build.0 = Debug|Any CPU
		{6A95FB24-4AF4-49F9-9EF7-285C2487A672}.Release|Any CPU.ActiveCfg = Release|Any CPU
		{6A95FB24-4AF4-49F9-9EF7-285C2487A672}.Release|Any CPU.Build.0 = Release|Any CPU
		{5E382779-3AC7-4F6B-B77F-380D8C32E2FF}.Debug|Any CPU.ActiveCfg = Debug|Any CPU
		{5E382779-3AC7-4F6B-B77F-380D8C32E2FF}.Debug|Any CPU.Build.0 = Debug|Any CPU
		{5E382779-3AC7-4F6B-B77F-380D8C32E2FF}.Release|Any CPU.ActiveCfg = Release|Any CPU
		{5E382779-3AC7-4F6B-B77F-380D8C32E2FF}.Release|Any CPU.Build.0 = Release|Any CPU
		{7DDE29B0-FFC4-4249-A163-1675C08E1771}.Debug|Any CPU.ActiveCfg = Debug|Any CPU
		{7DDE29B0-FFC4-4249-A163-1675C08E1771}.Debug|Any CPU.Build.0 = Debug|Any CPU
		{7DDE29B0-FFC4-4249-A163-1675C08E1771}.Release|Any CPU.ActiveCfg = Release|Any CPU
		{7DDE29B0-FFC4-4249-A163-1675C08E1771}.Release|Any CPU.Build.0 = Release|Any CPU
		{3B940921-68BC-4E00-9D05-2C804081238D}.Debug|Any CPU.ActiveCfg = Debug|Any CPU
		{3B940921-68BC-4E00-9D05-2C804081238D}.Debug|Any CPU.Build.0 = Debug|Any CPU
		{3B940921-68BC-4E00-9D05-2C804081238D}.Release|Any CPU.ActiveCfg = Release|Any CPU
		{3B940921-68BC-4E00-9D05-2C804081238D}.Release|Any CPU.Build.0 = Release|Any CPU
		{51E981AB-492E-4907-AB63-2A8A0C270F9F}.Debug|Any CPU.ActiveCfg = Debug|Any CPU
		{51E981AB-492E-4907-AB63-2A8A0C270F9F}.Debug|Any CPU.Build.0 = Debug|Any CPU
		{51E981AB-492E-4907-AB63-2A8A0C270F9F}.Release|Any CPU.ActiveCfg = Release|Any CPU
		{51E981AB-492E-4907-AB63-2A8A0C270F9F}.Release|Any CPU.Build.0 = Release|Any CPU
		{ACDDEA33-61A1-462D-9968-68232CBA2C9C}.Debug|Any CPU.ActiveCfg = Debug|Any CPU
		{ACDDEA33-61A1-462D-9968-68232CBA2C9C}.Debug|Any CPU.Build.0 = Debug|Any CPU
		{ACDDEA33-61A1-462D-9968-68232CBA2C9C}.Release|Any CPU.ActiveCfg = Release|Any CPU
		{ACDDEA33-61A1-462D-9968-68232CBA2C9C}.Release|Any CPU.Build.0 = Release|Any CPU
		{4407AAAA-1041-43E0-86BD-9D3FB3BD9567}.Debug|Any CPU.ActiveCfg = Debug|Any CPU
		{4407AAAA-1041-43E0-86BD-9D3FB3BD9567}.Debug|Any CPU.Build.0 = Debug|Any CPU
		{4407AAAA-1041-43E0-86BD-9D3FB3BD9567}.Release|Any CPU.ActiveCfg = Release|Any CPU
		{4407AAAA-1041-43E0-86BD-9D3FB3BD9567}.Release|Any CPU.Build.0 = Release|Any CPU
		{0D9AA9AD-4A09-4058-8D22-26399A9F09C1}.Debug|Any CPU.ActiveCfg = Debug|Any CPU
		{0D9AA9AD-4A09-4058-8D22-26399A9F09C1}.Debug|Any CPU.Build.0 = Debug|Any CPU
		{0D9AA9AD-4A09-4058-8D22-26399A9F09C1}.Release|Any CPU.ActiveCfg = Release|Any CPU
		{0D9AA9AD-4A09-4058-8D22-26399A9F09C1}.Release|Any CPU.Build.0 = Release|Any CPU
	EndGlobalSection
	GlobalSection(SolutionProperties) = preSolution
		HideSolutionNode = FALSE
	EndGlobalSection
	GlobalSection(NestedProjects) = preSolution
		{7A10080D-0DE5-45C0-9611-26A62780E084} = {51492653-FE5B-4D98-80F1-671FBC3E6344}
		{4E22BE98-99BA-4DE3-A979-6ECB6B3304F1} = {7A10080D-0DE5-45C0-9611-26A62780E084}
		{5E48BE18-4078-4683-83E5-3C2388BE5EBE} = {7A10080D-0DE5-45C0-9611-26A62780E084}
		{A5A76BA8-E8D1-490E-B759-C01609090893} = {51492653-FE5B-4D98-80F1-671FBC3E6344}
		{4FB03AA5-CA61-4FBA-A377-75F92DDEC672} = {7A10080D-0DE5-45C0-9611-26A62780E084}
		{AC586549-E477-4DBA-9320-0F65D97D3E0C} = {51492653-FE5B-4D98-80F1-671FBC3E6344}
		{E9F6E293-8BD4-457C-848C-25E6E64CBF75} = {7A10080D-0DE5-45C0-9611-26A62780E084}
		{0FEC655C-E786-4928-94FE-33124CF5F588} = {A04093F1-AB9F-4FFB-B028-756762F47DBC}
		{91A248E7-24F2-4216-AF7B-30D393FC2D1A} = {51492653-FE5B-4D98-80F1-671FBC3E6344}
		{15202EC2-B29E-43AF-8580-9F687859D5AA} = {91A248E7-24F2-4216-AF7B-30D393FC2D1A}
		{18B3F8D0-109A-4486-9002-0D365FF40737} = {91A248E7-24F2-4216-AF7B-30D393FC2D1A}
		{9F517372-9904-4D6F-B3D6-4F61CD636590} = {51492653-FE5B-4D98-80F1-671FBC3E6344}
		{E8CD2392-E870-43AA-99A0-A6F862CAECBC} = {9F517372-9904-4D6F-B3D6-4F61CD636590}
		{F2B387E1-A350-4DED-A91D-10DCEA0E47A6} = {A04093F1-AB9F-4FFB-B028-756762F47DBC}
		{98316FB1-F093-42FC-B3E3-174E410C9F78} = {51492653-FE5B-4D98-80F1-671FBC3E6344}
		{CCC4BFAB-6524-4788-8554-36846FF6AEE9} = {98316FB1-F093-42FC-B3E3-174E410C9F78}
		{E2976B58-207A-4EEE-8013-D5F83C511B6B} = {98316FB1-F093-42FC-B3E3-174E410C9F78}
		{F9CDE066-BE70-4B92-923E-059713D7D6D0} = {A04093F1-AB9F-4FFB-B028-756762F47DBC}
		{38DCC346-33D2-4AF3-B17B-E3AB31F0E30F} = {51492653-FE5B-4D98-80F1-671FBC3E6344}
		{7CC08F5C-2025-4888-9331-0C0450AA182D} = {38DCC346-33D2-4AF3-B17B-E3AB31F0E30F}
		{6A95FB24-4AF4-49F9-9EF7-285C2487A672} = {38DCC346-33D2-4AF3-B17B-E3AB31F0E30F}
		{5E382779-3AC7-4F6B-B77F-380D8C32E2FF} = {9F517372-9904-4D6F-B3D6-4F61CD636590}
		{7DDE29B0-FFC4-4249-A163-1675C08E1771} = {9F517372-9904-4D6F-B3D6-4F61CD636590}
		{3B940921-68BC-4E00-9D05-2C804081238D} = {9F517372-9904-4D6F-B3D6-4F61CD636590}
		{51E981AB-492E-4907-AB63-2A8A0C270F9F} = {A04093F1-AB9F-4FFB-B028-756762F47DBC}
		{ACDDEA33-61A1-462D-9968-68232CBA2C9C} = {A04093F1-AB9F-4FFB-B028-756762F47DBC}
		{4407AAAA-1041-43E0-86BD-9D3FB3BD9567} = {51492653-FE5B-4D98-80F1-671FBC3E6344}
		{0D9AA9AD-4A09-4058-8D22-26399A9F09C1} = {A04093F1-AB9F-4FFB-B028-756762F47DBC}
	EndGlobalSection
	GlobalSection(ExtensibilityGlobals) = postSolution
		SolutionGuid = {A8047AAF-55B1-421E-91CC-7C5463BA1D4B}
	EndGlobalSection
EndGlobal
